PODS:
  - TTToolKit (0.0.3):
    - TTToolKit/Categories (= 0.0.3)
    - TTToolKit/Macro (= 0.0.3)
  - TTToolKit/Categories (0.0.3):
    - TTToolKit/Categories/Foundation (= 0.0.3)
  - TTToolKit/Categories/Foundation (0.0.3):
    - TTToolKit/Categories/Foundation/NSArray (= 0.0.3)
    - TTToolKit/Categories/Foundation/NSDate (= 0.0.3)
  - TTToolKit/Categories/Foundation/NSArray (0.0.3)
  - TTToolKit/Categories/Foundation/NSDate (0.0.3)
  - TTToolKit/Macro (0.0.3)

DEPENDENCIES:
  - TTToolKit

SPEC REPOS:
  https://github.com/cocoapods/specs.git:
    - TTToolKit

SPEC CHECKSUMS:
  TTToolKit: 0cdf7d497143f3cd3249a811381289842ef1842d

PODFILE CHECKSUM: 898833b4708dbea1c8a30f998f316f2a996e1dbb

COCOAPODS: 1.5.2
