PODS:
  - TTToolKit (0.1.8):
    - TTToolKit/Base (= 0.1.8)
    - TTToolKit/Foundation (= 0.1.8)
    - TTToolKit/Helper (= 0.1.8)
    - TTToolKit/MediaPlayer (= 0.1.8)
    - TTToolKit/UIKit (= 0.1.8)
  - TTToolKit/Base (0.1.8)
  - TTToolKit/Foundation (0.1.8)
  - TTToolKit/Helper (0.1.8)
  - TTToolKit/MediaPlayer (0.1.8)
  - TTToolKit/UIKit (0.1.8)

DEPENDENCIES:
  - TTToolKit (~> 0.1.4)

SPEC REPOS:
  https://github.com/CocoaPods/Specs.git:
    - TTToolKit

SPEC CHECKSUMS:
  TTToolKit: fcdd02c0f890740146573dc3deafccbcc2fe243f

PODFILE CHECKSUM: 96bc54f5caec52e995361d3aa1defeb03bc76dc1

COCOAPODS: 1.9.1
