PODS:
  - TTToolKit (0.0.10):
    - TTToolKit/App (= 0.0.10)
    - TTToolKit/Cache (= 0.0.10)
    - TTToolKit/Encryption (= 0.0.10)
    - TTToolKit/Foundation (= 0.0.10)
    - TTToolKit/UIKit (= 0.0.10)
  - TTToolKit/App (0.0.10)
  - TTToolKit/Cache (0.0.10)
  - TTToolKit/Encryption (0.0.10)
  - TTToolKit/Foundation (0.0.10)
  - TTToolKit/UIKit (0.0.10)

DEPENDENCIES:
  - TTToolKit (~> 0.0.10)

SPEC REPOS:
  https://github.com/cocoapods/specs.git:
    - TTToolKit

SPEC CHECKSUMS:
  TTToolKit: 6d2f4eb4acce8826655bccdf44980063ae9be058

PODFILE CHECKSUM: 77af313e2b38a488ac176083e656027d82e0cfb5

COCOAPODS: 1.5.2
