PODS:
  - TTToolKit (0.1.0):
    - TTToolKit/App (= 0.1.0)
    - TTToolKit/Cache (= 0.1.0)
    - TTToolKit/Encryption (= 0.1.0)
    - TTToolKit/Foundation (= 0.1.0)
    - TTToolKit/Macro (= 0.1.0)
    - TTToolKit/UIKit (= 0.1.0)
  - TTToolKit/App (0.1.0)
  - TTToolKit/Cache (0.1.0)
  - TTToolKit/Encryption (0.1.0)
  - TTToolKit/Foundation (0.1.0)
  - TTToolKit/Macro (0.1.0)
  - TTToolKit/UIKit (0.1.0)

DEPENDENCIES:
  - TTToolKit (~> 0.1.0)

SPEC REPOS:
  https://github.com/cocoapods/specs.git:
    - TTToolKit

SPEC CHECKSUMS:
  TTToolKit: 436f21b78d48ca5af9efbefa23ebcacc99b7d6bf

PODFILE CHECKSUM: fe71f177fe2811d2f17713a0f523442bcba14331

COCOAPODS: 1.5.2
